
Microsoft Visual Studio Solution File, Format Version 10.00
# Visual Studio 2008
Project("{FAE04EC0-301F-11D3-BF4B-00C04F79EFBC}") = "Auto Kindle Config", "Auto Kindle Config\Auto Kindle Config.csproj", "{27F702B9-5018-4A16-93FD-2B82FEB0B067}"
EndProject
Global
	GlobalSection(SolutionConfigurationPlatforms) = preSolution
		Debug|Any CPU = Debug|Any CPU
		Release|Any CPU = Release|Any CPU
	EndGlobalSection
	GlobalSection(ProjectConfigurationPlatforms) = postSolution
		{27F702B9-5018-4A16-93FD-2B82FEB0B067}.Debug|Any CPU.ActiveCfg = Debug|Any CPU
		{27F702B9-5018-4A16-93FD-2B82FEB0B067}.Debug|Any CPU.Build.0 = Debug|Any CPU
		{27F702B9-5018-4A16-93FD-2B82FEB0B067}.Release|Any CPU.ActiveCfg = Release|Any CPU
		{27F702B9-5018-4A16-93FD-2B82FEB0B067}.Release|Any CPU.Build.0 = Release|Any CPU
	EndGlobalSection
	GlobalSection(SolutionProperties) = preSolution
		HideSolutionNode = FALSE
	EndGlobalSection
EndGlobal
