
Microsoft Visual Studio Solution File, Format Version 10.00
# Visual Studio 2008
Project("{FAE04EC0-301F-11D3-BF4B-00C04F79EFBC}") = "AutoKindle Updater", "AutoKindle Updater\AutoKindle Updater.csproj", "{600062FD-D4F0-42F6-B875-988C5ADFC0E1}"
EndProject
Global
	GlobalSection(SolutionConfigurationPlatforms) = preSolution
		Debug|Any CPU = Debug|Any CPU
		Release|Any CPU = Release|Any CPU
	EndGlobalSection
	GlobalSection(ProjectConfigurationPlatforms) = postSolution
		{600062FD-D4F0-42F6-B875-988C5ADFC0E1}.Debug|Any CPU.ActiveCfg = Debug|Any CPU
		{600062FD-D4F0-42F6-B875-988C5ADFC0E1}.Debug|Any CPU.Build.0 = Debug|Any CPU
		{600062FD-D4F0-42F6-B875-988C5ADFC0E1}.Release|Any CPU.ActiveCfg = Release|Any CPU
		{600062FD-D4F0-42F6-B875-988C5ADFC0E1}.Release|Any CPU.Build.0 = Release|Any CPU
	EndGlobalSection
	GlobalSection(SolutionProperties) = preSolution
		HideSolutionNode = FALSE
	EndGlobalSection
EndGlobal
